<Solution>
  <Folder Name="/Solution Items/">
    <File Path=".editorconfig" />
    <File Path=".gitignore" />
    <File Path="Directory.Build.Props" />
  </Folder>
  <Folder Name="/Src/" />
  <Folder Name="/Src/Product/">
    <Project Path="Src/Product/Hrm.Api/Hrm.Api.csproj">
      <BuildDependency Project="Src/Shared/Shared.Application/Shared.Application.csproj" />
    </Project>
    <Project Path="Src/Product/School.Api/School.Api.csproj" />
  </Folder>
  <Folder Name="/Src/Shared/">
    <Project Path="Src/Shared/Shared.Application/Shared.Application.csproj" Id="78ec6daf-18e9-4ca4-8286-42a9ac8df2f6" />
    <Project Path="Src/Shared/Shared.Domain/Shared.Domain.csproj" Id="bfe83ba3-40c9-49cb-9c13-e4913a51f7d8" />
    <Project Path="Src/Shared/Shared.Infrastructure/Shared.Infrastructure.csproj" Id="f01cf4b4-b9ca-420e-8190-661a3fffde74" />
  </Folder>
  <Folder Name="/Src/UserManagement/">
    <Project Path="Src/UserManagement/UserManagement.Api/UserManagement.Api.csproj" Id="ff7acffa-6f73-445a-b936-85421853b29b" />
    <Project Path="Src/UserManagement/UserManagement.Application/UserManagement.Application.csproj" Id="30aaf28a-fcd5-4b8b-9e7d-4b9fdd2b2d92" />
    <Project Path="Src/UserManagement/UserManagement.Domain/UserManagement.Domain.csproj" Id="95ef3f9c-b3ac-47ac-a29e-3d72b62a9f79" />
    <Project Path="Src/UserManagement/UserManagement.Infrastructure/UserManagement.Infrastructure.csproj" Id="1daa4d84-346a-4c1d-80b5-76de801998b1" />
  </Folder>
</Solution>
